
Microsoft Visual Studio Solution File, Format Version 12.00
# Visual Studio Version 16
VisualStudioVersion = 16.0.31112.23
MinimumVisualStudioVersion = 10.0.40219.1
Project("{FAE04EC0-301F-11D3-BF4B-00C04F79EFBC}") = "Lesson1", "Lesson1.csproj", "{08D7B834-7E4A-46E4-A04D-FC53267FC6CE}"
EndProject
Global
	GlobalSection(SolutionConfigurationPlatforms) = preSolution
		Debug|Any CPU = Debug|Any CPU
		Release|Any CPU = Release|Any CPU
	EndGlobalSection
	GlobalSection(ProjectConfigurationPlatforms) = postSolution
		{08D7B834-7E4A-46E4-A04D-FC53267FC6CE}.Debug|Any CPU.ActiveCfg = Debug|Any CPU
		{08D7B834-7E4A-46E4-A04D-FC53267FC6CE}.Debug|Any CPU.Build.0 = Debug|Any CPU
		{08D7B834-7E4A-46E4-A04D-FC53267FC6CE}.Release|Any CPU.ActiveCfg = Release|Any CPU
		{08D7B834-7E4A-46E4-A04D-FC53267FC6CE}.Release|Any CPU.Build.0 = Release|Any CPU
	EndGlobalSection
	GlobalSection(SolutionProperties) = preSolution
		HideSolutionNode = FALSE
	EndGlobalSection
	GlobalSection(ExtensibilityGlobals) = postSolution
		SolutionGuid = {4A0AFD1A-181A-417F-B448-14314679ED79}
	EndGlobalSection
EndGlobal
